
Microsoft Visual Studio Solution File, Format Version 12.00
# Visual Studio 15
VisualStudioVersion = 15.0.28307.757
MinimumVisualStudioVersion = 10.0.40219.1
Project("{FAE04EC0-301F-11D3-BF4B-00C04F79EFBC}") = "Unit06WorkApi", "Unit06WorkApi\Unit06WorkApi.csproj", "{D92E8657-64D3-4FC6-A1C5-1EF910B6A573}"
EndProject
Global
	GlobalSection(SolutionConfigurationPlatforms) = preSolution
		Debug|Any CPU = Debug|Any CPU
		Release|Any CPU = Release|Any CPU
	EndGlobalSection
	GlobalSection(ProjectConfigurationPlatforms) = postSolution
		{D92E8657-64D3-4FC6-A1C5-1EF910B6A573}.Debug|Any CPU.ActiveCfg = Debug|Any CPU
		{D92E8657-64D3-4FC6-A1C5-1EF910B6A573}.Debug|Any CPU.Build.0 = Debug|Any CPU
		{D92E8657-64D3-4FC6-A1C5-1EF910B6A573}.Release|Any CPU.ActiveCfg = Release|Any CPU
		{D92E8657-64D3-4FC6-A1C5-1EF910B6A573}.Release|Any CPU.Build.0 = Release|Any CPU
	EndGlobalSection
	GlobalSection(SolutionProperties) = preSolution
		HideSolutionNode = FALSE
	EndGlobalSection
	GlobalSection(ExtensibilityGlobals) = postSolution
		SolutionGuid = {4F50FE70-48D5-4C85-8697-263FCA5E5584}
	EndGlobalSection
EndGlobal
